
Microsoft Visual Studio Solution File, Format Version 12.00
# Visual Studio Version 17
VisualStudioVersion = 17.0.31903.59
MinimumVisualStudioVersion = 10.0.40219.1
Project("{2150E333-8FDC-42A3-9474-1A3956D46DE8}") = "src", "src", "{827E0CD3-B72D-47B6-A68D-7590B98EB39B}"
EndProject
Project("{2150E333-8FDC-42A3-9474-1A3956D46DE8}") = "BuildingBlocks", "BuildingBlocks", "{90298CBA-BD6F-3A0A-69D5-97CAD7B05E7E}"
EndProject
Project("{FAE04EC0-301F-11D3-BF4B-00C04F79EFBC}") = "ECommerce.BuildingBlocks", "src\BuildingBlocks\ECommerce.BuildingBlocks\ECommerce.BuildingBlocks.csproj", "{45924949-E3F2-4CE9-8074-BBD1DAE6B58C}"
EndProject
Project("{2150E333-8FDC-42A3-9474-1A3956D46DE8}") = "BuildingBlocks", "BuildingBlocks", "{7266C4A9-E384-DC00-0EB6-47F6002CFBA7}"
EndProject
Project("{2150E333-8FDC-42A3-9474-1A3956D46DE8}") = "Services", "Services", "{984BB9B3-3FA3-BE33-9484-CAC21695A33C}"
EndProject
Project("{2150E333-8FDC-42A3-9474-1A3956D46DE8}") = "Catalog", "Catalog", "{C91C1CF1-1625-0789-F869-53D87D6277BA}"
EndProject
Project("{FAE04EC0-301F-11D3-BF4B-00C04F79EFBC}") = "ECommerce.Services.Catalog.Domain", "src\Services\Catalog\ECommerce.Services.Catalog.Domain\ECommerce.Services.Catalog.Domain.csproj", "{38839FFA-0218-4CF4-9BDF-1A53A31D6D70}"
EndProject
Project("{FAE04EC0-301F-11D3-BF4B-00C04F79EFBC}") = "ECommerce.Services.Catalog.Application", "src\Services\Catalog\ECommerce.Services.Catalog.Application\ECommerce.Services.Catalog.Application.csproj", "{F6741FEF-4FA0-42A4-80FD-33FB1A873BA0}"
EndProject
Project("{FAE04EC0-301F-11D3-BF4B-00C04F79EFBC}") = "ECommerce.Services.Catalog.Infrastructure", "src\Services\Catalog\ECommerce.Services.Catalog.Infrastructure\ECommerce.Services.Catalog.Infrastructure.csproj", "{B9EFF7A0-066C-4A90-9760-4E1983411647}"
EndProject
Project("{FAE04EC0-301F-11D3-BF4B-00C04F79EFBC}") = "ECommerce.Services.Catalog.API", "src\Services\Catalog\ECommerce.Services.Catalog.API\ECommerce.Services.Catalog.API.csproj", "{D2A6881A-71B1-4555-8C93-1F98F8D7DD03}"
EndProject
Global
	GlobalSection(SolutionConfigurationPlatforms) = preSolution
		Debug|Any CPU = Debug|Any CPU
		Debug|x64 = Debug|x64
		Debug|x86 = Debug|x86
		Release|Any CPU = Release|Any CPU
		Release|x64 = Release|x64
		Release|x86 = Release|x86
	EndGlobalSection
	GlobalSection(ProjectConfigurationPlatforms) = postSolution
		{45924949-E3F2-4CE9-8074-BBD1DAE6B58C}.Debug|Any CPU.ActiveCfg = Debug|Any CPU
		{45924949-E3F2-4CE9-8074-BBD1DAE6B58C}.Debug|Any CPU.Build.0 = Debug|Any CPU
		{45924949-E3F2-4CE9-8074-BBD1DAE6B58C}.Debug|x64.ActiveCfg = Debug|Any CPU
		{45924949-E3F2-4CE9-8074-BBD1DAE6B58C}.Debug|x64.Build.0 = Debug|Any CPU
		{45924949-E3F2-4CE9-8074-BBD1DAE6B58C}.Debug|x86.ActiveCfg = Debug|Any CPU
		{45924949-E3F2-4CE9-8074-BBD1DAE6B58C}.Debug|x86.Build.0 = Debug|Any CPU
		{45924949-E3F2-4CE9-8074-BBD1DAE6B58C}.Release|Any CPU.ActiveCfg = Release|Any CPU
		{45924949-E3F2-4CE9-8074-BBD1DAE6B58C}.Release|Any CPU.Build.0 = Release|Any CPU
		{45924949-E3F2-4CE9-8074-BBD1DAE6B58C}.Release|x64.ActiveCfg = Release|Any CPU
		{45924949-E3F2-4CE9-8074-BBD1DAE6B58C}.Release|x64.Build.0 = Release|Any CPU
		{45924949-E3F2-4CE9-8074-BBD1DAE6B58C}.Release|x86.ActiveCfg = Release|Any CPU
		{45924949-E3F2-4CE9-8074-BBD1DAE6B58C}.Release|x86.Build.0 = Release|Any CPU
		{38839FFA-0218-4CF4-9BDF-1A53A31D6D70}.Debug|Any CPU.ActiveCfg = Debug|Any CPU
		{38839FFA-0218-4CF4-9BDF-1A53A31D6D70}.Debug|Any CPU.Build.0 = Debug|Any CPU
		{38839FFA-0218-4CF4-9BDF-1A53A31D6D70}.Debug|x64.ActiveCfg = Debug|Any CPU
		{38839FFA-0218-4CF4-9BDF-1A53A31D6D70}.Debug|x64.Build.0 = Debug|Any CPU
		{38839FFA-0218-4CF4-9BDF-1A53A31D6D70}.Debug|x86.ActiveCfg = Debug|Any CPU
		{38839FFA-0218-4CF4-9BDF-1A53A31D6D70}.Debug|x86.Build.0 = Debug|Any CPU
		{38839FFA-0218-4CF4-9BDF-1A53A31D6D70}.Release|Any CPU.ActiveCfg = Release|Any CPU
		{38839FFA-0218-4CF4-9BDF-1A53A31D6D70}.Release|Any CPU.Build.0 = Release|Any CPU
		{38839FFA-0218-4CF4-9BDF-1A53A31D6D70}.Release|x64.ActiveCfg = Release|Any CPU
		{38839FFA-0218-4CF4-9BDF-1A53A31D6D70}.Release|x64.Build.0 = Release|Any CPU
		{38839FFA-0218-4CF4-9BDF-1A53A31D6D70}.Release|x86.ActiveCfg = Release|Any CPU
		{38839FFA-0218-4CF4-9BDF-1A53A31D6D70}.Release|x86.Build.0 = Release|Any CPU
		{F6741FEF-4FA0-42A4-80FD-33FB1A873BA0}.Debug|Any CPU.ActiveCfg = Debug|Any CPU
		{F6741FEF-4FA0-42A4-80FD-33FB1A873BA0}.Debug|Any CPU.Build.0 = Debug|Any CPU
		{F6741FEF-4FA0-42A4-80FD-33FB1A873BA0}.Debug|x64.ActiveCfg = Debug|Any CPU
		{F6741FEF-4FA0-42A4-80FD-33FB1A873BA0}.Debug|x64.Build.0 = Debug|Any CPU
		{F6741FEF-4FA0-42A4-80FD-33FB1A873BA0}.Debug|x86.ActiveCfg = Debug|Any CPU
		{F6741FEF-4FA0-42A4-80FD-33FB1A873BA0}.Debug|x86.Build.0 = Debug|Any CPU
		{F6741FEF-4FA0-42A4-80FD-33FB1A873BA0}.Release|Any CPU.ActiveCfg = Release|Any CPU
		{F6741FEF-4FA0-42A4-80FD-33FB1A873BA0}.Release|Any CPU.Build.0 = Release|Any CPU
		{F6741FEF-4FA0-42A4-80FD-33FB1A873BA0}.Release|x64.ActiveCfg = Release|Any CPU
		{F6741FEF-4FA0-42A4-80FD-33FB1A873BA0}.Release|x64.Build.0 = Release|Any CPU
		{F6741FEF-4FA0-42A4-80FD-33FB1A873BA0}.Release|x86.ActiveCfg = Release|Any CPU
		{F6741FEF-4FA0-42A4-80FD-33FB1A873BA0}.Release|x86.Build.0 = Release|Any CPU
		{B9EFF7A0-066C-4A90-9760-4E1983411647}.Debug|Any CPU.ActiveCfg = Debug|Any CPU
		{B9EFF7A0-066C-4A90-9760-4E1983411647}.Debug|Any CPU.Build.0 = Debug|Any CPU
		{B9EFF7A0-066C-4A90-9760-4E1983411647}.Debug|x64.ActiveCfg = Debug|Any CPU
		{B9EFF7A0-066C-4A90-9760-4E1983411647}.Debug|x64.Build.0 = Debug|Any CPU
		{B9EFF7A0-066C-4A90-9760-4E1983411647}.Debug|x86.ActiveCfg = Debug|Any CPU
		{B9EFF7A0-066C-4A90-9760-4E1983411647}.Debug|x86.Build.0 = Debug|Any CPU
		{B9EFF7A0-066C-4A90-9760-4E1983411647}.Release|Any CPU.ActiveCfg = Release|Any CPU
		{B9EFF7A0-066C-4A90-9760-4E1983411647}.Release|Any CPU.Build.0 = Release|Any CPU
		{B9EFF7A0-066C-4A90-9760-4E1983411647}.Release|x64.ActiveCfg = Release|Any CPU
		{B9EFF7A0-066C-4A90-9760-4E1983411647}.Release|x64.Build.0 = Release|Any CPU
		{B9EFF7A0-066C-4A90-9760-4E1983411647}.Release|x86.ActiveCfg = Release|Any CPU
		{B9EFF7A0-066C-4A90-9760-4E1983411647}.Release|x86.Build.0 = Release|Any CPU
		{D2A6881A-71B1-4555-8C93-1F98F8D7DD03}.Debug|Any CPU.ActiveCfg = Debug|Any CPU
		{D2A6881A-71B1-4555-8C93-1F98F8D7DD03}.Debug|Any CPU.Build.0 = Debug|Any CPU
		{D2A6881A-71B1-4555-8C93-1F98F8D7DD03}.Debug|x64.ActiveCfg = Debug|Any CPU
		{D2A6881A-71B1-4555-8C93-1F98F8D7DD03}.Debug|x64.Build.0 = Debug|Any CPU
		{D2A6881A-71B1-4555-8C93-1F98F8D7DD03}.Debug|x86.ActiveCfg = Debug|Any CPU
		{D2A6881A-71B1-4555-8C93-1F98F8D7DD03}.Debug|x86.Build.0 = Debug|Any CPU
		{D2A6881A-71B1-4555-8C93-1F98F8D7DD03}.Release|Any CPU.ActiveCfg = Release|Any CPU
		{D2A6881A-71B1-4555-8C93-1F98F8D7DD03}.Release|Any CPU.Build.0 = Release|Any CPU
		{D2A6881A-71B1-4555-8C93-1F98F8D7DD03}.Release|x64.ActiveCfg = Release|Any CPU
		{D2A6881A-71B1-4555-8C93-1F98F8D7DD03}.Release|x64.Build.0 = Release|Any CPU
		{D2A6881A-71B1-4555-8C93-1F98F8D7DD03}.Release|x86.ActiveCfg = Release|Any CPU
		{D2A6881A-71B1-4555-8C93-1F98F8D7DD03}.Release|x86.Build.0 = Release|Any CPU
	EndGlobalSection
	GlobalSection(SolutionProperties) = preSolution
		HideSolutionNode = FALSE
	EndGlobalSection
	GlobalSection(NestedProjects) = preSolution
		{90298CBA-BD6F-3A0A-69D5-97CAD7B05E7E} = {827E0CD3-B72D-47B6-A68D-7590B98EB39B}
		{45924949-E3F2-4CE9-8074-BBD1DAE6B58C} = {90298CBA-BD6F-3A0A-69D5-97CAD7B05E7E}
		{984BB9B3-3FA3-BE33-9484-CAC21695A33C} = {827E0CD3-B72D-47B6-A68D-7590B98EB39B}
		{C91C1CF1-1625-0789-F869-53D87D6277BA} = {984BB9B3-3FA3-BE33-9484-CAC21695A33C}
		{38839FFA-0218-4CF4-9BDF-1A53A31D6D70} = {C91C1CF1-1625-0789-F869-53D87D6277BA}
		{F6741FEF-4FA0-42A4-80FD-33FB1A873BA0} = {C91C1CF1-1625-0789-F869-53D87D6277BA}
		{B9EFF7A0-066C-4A90-9760-4E1983411647} = {C91C1CF1-1625-0789-F869-53D87D6277BA}
		{D2A6881A-71B1-4555-8C93-1F98F8D7DD03} = {C91C1CF1-1625-0789-F869-53D87D6277BA}
	EndGlobalSection
EndGlobal
